dependencies:
  '@terminal-junkies/neo-blessed': 1.0.4
  blessed-themes: 1.1.0
  libnpmsearch: 3.0.0
  minimist: 1.2.5
lockfileVersion: 5.1
packages:
  /@npmcli/ci-detect/1.3.0:
    dev: false
    resolution:
      integrity: sha512-oN3y7FAROHhrAt7Rr7PnTSwrHrZVRTS2ZbyxeQwSSYD0ifwM3YNgQqbaRmjcWoPyq77MjchusjJDspbzMmip1Q==
  /@npmcli/move-file/1.0.1:
    dependencies:
      mkdirp: 1.0.4
    dev: false
    engines:
      node: '>=10'
    resolution:
      integrity: sha512-Uv6h1sT+0DrblvIrolFtbvM1FgWm+/sy4B3pvLp67Zys+thcukzS5ekn7HsZFGpWP4Q3fYJCljbWQE/XivMRLw==
  /@terminal-junkies/neo-blessed/1.0.4:
    dependencies:
      node-pty: 0.9.0
      term.js: 0.0.7
    dev: false
    engines:
      node: '>= 8.0.0'
    hasBin: true
    resolution:
      integrity: sha512-WRR5zHVnec0KaOQQ3yF+eWxo0x+buOVhGFhEMv9ZYMIsvqdCU7yaJm3OcwHbWVy3d0eKUBdQ+71gsA8SyObymw==
  /@tootallnate/once/1.1.2:
    dev: false
    engines:
      node: '>= 6'
    resolution:
      integrity: sha512-RbzJvlNzmRq5c3O09UipeuXno4tA1FE6ikOjxZK0tuxVv3412l64l5t1W5pj4+rJq9vpkm/kwiR07aZXnsKPxw==
  /agent-base/6.0.1:
    dependencies:
      debug: 4.2.0
    dev: false
    engines:
      node: '>= 6.0.0'
    resolution:
      integrity: sha512-01q25QQDwLSsyfhrKbn8yuur+JNw0H+0Y4JiGIKd3z9aYk/w/2kxD/Upc+t2ZBBSUNff50VjPsSW2YxM8QYKVg==
  /agentkeepalive/4.1.3:
    dependencies:
      debug: 4.2.0
      depd: 1.1.2
      humanize-ms: 1.2.1
    dev: false
    engines:
      node: '>= 8.0.0'
    resolution:
      integrity: sha512-wn8fw19xKZwdGPO47jivonaHRTd+nGOMP1z11sgGeQzDy2xd5FG0R67dIMcKHDE2cJ5y+YXV30XVGUBPRSY7Hg==
  /aggregate-error/3.1.0:
    dependencies:
      clean-stack: 2.2.0
      indent-string: 4.0.0
    dev: false
    engines:
      node: '>=8'
    resolution:
      integrity: sha512-4I7Td01quW/RpocfNayFdFVk1qSuoh0E7JrbRJ16nH01HhKFQ88INq9Sd+nd72zqRySlr9BmDA8xlEJ6vJMrYA==
  /balanced-match/1.0.0:
    dev: false
    resolution:
      integrity: sha1-ibTRmasr7kneFk6gK4nORi1xt2c=
  /blessed-themes/1.1.0:
    dev: false
    resolution:
      integrity: sha512-KiOjK9eC5/Yzfk9k+CQTxwRfNRpk9bj0NS/FMgJWr8NFgScwjPTvdXKGCgV0oweP6pOkulHQ0GF8AmYbOqrSqA==
  /brace-expansion/1.1.11:
    dependencies:
      balanced-match: 1.0.0
      concat-map: 0.0.1
    dev: false
    resolution:
      integrity: sha512-iCuPHDFgrHX7H2vEI/5xpz07zSHB00TpugqhmYtVmMO6518mCuRMoOYFldEBl0g187ufozdaHgWKcYFb61qGiA==
  /builtins/1.0.3:
    dev: false
    resolution:
      integrity: sha1-y5T662HIaWRR2zZTThQi+U8K7og=
  /cacache/15.0.5:
    dependencies:
      '@npmcli/move-file': 1.0.1
      chownr: 2.0.0
      fs-minipass: 2.1.0
      glob: 7.1.6
      infer-owner: 1.0.4
      lru-cache: 6.0.0
      minipass: 3.1.3
      minipass-collect: 1.0.2
      minipass-flush: 1.0.5
      minipass-pipeline: 1.2.4
      mkdirp: 1.0.4
      p-map: 4.0.0
      promise-inflight: 1.0.1
      rimraf: 3.0.2
      ssri: 8.0.0
      tar: 6.0.5
      unique-filename: 1.1.1
    dev: false
    engines:
      node: '>= 10'
    resolution:
      integrity: sha512-lloiL22n7sOjEEXdL8NAjTgv9a1u43xICE9/203qonkZUCj5X1UEWIdf2/Y0d6QcCtMzbKQyhrcDbdvlZTs/+A==
  /chownr/2.0.0:
    dev: false
    engines:
      node: '>=10'
    resolution:
      integrity: sha512-bIomtDF5KGpdogkLd9VspvFzk9KfpyyGlS8YFVZl7TGPBHL5snIOnxeshwVgPteQ9b4Eydl+pVbIyE1DcvCWgQ==
  /clean-stack/2.2.0:
    dev: false
    engines:
      node: '>=6'
    resolution:
      integrity: sha512-4diC9HaTE+KRAMWhDhrGOECgWZxoevMc5TlkObMqNSsVU62PYzXZ/SMTjzyGAFF1YusgxGcSWTEXBhp0CPwQ1A==
  /concat-map/0.0.1:
    dev: false
    resolution:
      integrity: sha1-2Klr13/Wjfd5OnMDajug1UBdR3s=
  /debug/4.2.0:
    dependencies:
      ms: 2.1.2
    dev: false
    engines:
      node: '>=6.0'
    peerDependencies:
      supports-color: '*'
    peerDependenciesMeta:
      supports-color:
        optional: true
    resolution:
      integrity: sha512-IX2ncY78vDTjZMFUdmsvIRFY2Cf4FnD0wRs+nQwJU8Lu99/tPFdb0VybiiMTPe3I6rQmwsqQqRBvxU+bZ/I8sg==
  /depd/1.1.2:
    dev: false
    engines:
      node: '>= 0.6'
    resolution:
      integrity: sha1-m81S4UwJd2PnSbJ0xDRu0uVgtak=
  /encoding/0.1.13:
    dependencies:
      iconv-lite: 0.6.2
    dev: false
    optional: true
    resolution:
      integrity: sha512-ETBauow1T35Y/WZMkio9jiM0Z5xjHHmJ4XmjZOq1l/dXz3lr2sRn87nJy20RupqSh1F2m3HHPSp8ShIPQJrJ3A==
  /err-code/1.1.2:
    dev: false
    resolution:
      integrity: sha1-BuARbTAo9q70gGhJ6w6mp0iuaWA=
  /fs-minipass/2.1.0:
    dependencies:
      minipass: 3.1.3
    dev: false
    engines:
      node: '>= 8'
    resolution:
      integrity: sha512-V/JgOLFCS+R6Vcq0slCuaeWEdNC3ouDlJMNIsacH2VtALiu9mV4LPrHc5cDl8k5aw6J8jwgWWpiTo5RYhmIzvg==
  /fs.realpath/1.0.0:
    dev: false
    resolution:
      integrity: sha1-FQStJSMVjKpA20onh8sBQRmU6k8=
  /glob/7.1.6:
    dependencies:
      fs.realpath: 1.0.0
      inflight: 1.0.6
      inherits: 2.0.4
      minimatch: 3.0.4
      once: 1.4.0
      path-is-absolute: 1.0.1
    dev: false
    resolution:
      integrity: sha512-LwaxwyZ72Lk7vZINtNNrywX0ZuLyStrdDtabefZKAY5ZGJhVtgdznluResxNmPitE0SAO+O26sWTHeKSI2wMBA==
  /hosted-git-info/3.0.5:
    dependencies:
      lru-cache: 6.0.0
    dev: false
    engines:
      node: '>=10'
    resolution:
      integrity: sha512-i4dpK6xj9BIpVOTboXIlKG9+8HMKggcrMX7WA24xZtKwX0TPelq/rbaS5rCKeNX8sJXZJGdSxpnEGtta+wismQ==
  /http-cache-semantics/4.1.0:
    dev: false
    resolution:
      integrity: sha512-carPklcUh7ROWRK7Cv27RPtdhYhUsela/ue5/jKzjegVvXDqM2ILE9Q2BGn9JZJh1g87cp56su/FgQSzcWS8cQ==
  /http-proxy-agent/4.0.1:
    dependencies:
      '@tootallnate/once': 1.1.2
      agent-base: 6.0.1
      debug: 4.2.0
    dev: false
    engines:
      node: '>= 6'
    resolution:
      integrity: sha512-k0zdNgqWTGA6aeIRVpvfVob4fL52dTfaehylg0Y4UvSySvOq/Y+BOyPrgpUrA7HylqvU8vIZGsRuXmspskV0Tg==
  /https-proxy-agent/5.0.0:
    dependencies:
      agent-base: 6.0.1
      debug: 4.2.0
    dev: false
    engines:
      node: '>= 6'
    resolution:
      integrity: sha512-EkYm5BcKUGiduxzSt3Eppko+PiNWNEpa4ySk9vTC6wDsQJW9rHSa+UhGNJoRYp7bz6Ht1eaRIa6QaJqO5rCFbA==
  /humanize-ms/1.2.1:
    dependencies:
      ms: 2.1.2
    dev: false
    resolution:
      integrity: sha1-xG4xWaKT9riW2ikxbYtv6Lt5u+0=
  /iconv-lite/0.6.2:
    dependencies:
      safer-buffer: 2.1.2
    dev: false
    engines:
      node: '>=0.10.0'
    optional: true
    resolution:
      integrity: sha512-2y91h5OpQlolefMPmUlivelittSWy0rP+oYVpn6A7GwVHNE8AWzoYOBNmlwks3LobaJxgHCYZAnyNo2GgpNRNQ==
  /imurmurhash/0.1.4:
    dev: false
    engines:
      node: '>=0.8.19'
    resolution:
      integrity: sha1-khi5srkoojixPcT7a21XbyMUU+o=
  /indent-string/4.0.0:
    dev: false
    engines:
      node: '>=8'
    resolution:
      integrity: sha512-EdDDZu4A2OyIK7Lr/2zG+w5jmbuk1DVBnEwREQvBzspBJkCEbRa8GxU1lghYcaGJCnRWibjDXlq779X1/y5xwg==
  /infer-owner/1.0.4:
    dev: false
    resolution:
      integrity: sha512-IClj+Xz94+d7irH5qRyfJonOdfTzuDaifE6ZPWfx0N0+/ATZCbuTPq2prFl526urkQd90WyUKIh1DfBQ2hMz9A==
  /inflight/1.0.6:
    dependencies:
      once: 1.4.0
      wrappy: 1.0.2
    dev: false
    resolution:
      integrity: sha1-Sb1jMdfQLQwJvJEKEHW6gWW1bfk=
  /inherits/2.0.4:
    dev: false
    resolution:
      integrity: sha512-k/vGaX4/Yla3WzyMCvTQOXYeIHvqOKtnqBduzTHpzpQZzAskKMhZ2K+EnBiSM9zGSoIFeMpXKxa4dYeZIQqewQ==
  /ip/1.1.5:
    dev: false
    resolution:
      integrity: sha1-vd7XARQpCCjAoDnnLvJfWq7ENUo=
  /is-lambda/1.0.1:
    dev: false
    resolution:
      integrity: sha1-PZh3iZ5qU+/AFgUEzeFfgubwYdU=
  /jsonparse/1.3.1:
    dev: false
    engines:
      '0': node >= 0.2.0
    resolution:
      integrity: sha1-P02uSpH6wxX3EGL4UhzCOfE2YoA=
  /libnpmsearch/3.0.0:
    dependencies:
      npm-registry-fetch: 8.1.4
    dev: false
    engines:
      node: '>=10'
    resolution:
      integrity: sha512-3p2nKM8nlO8XyQ7+Z9H8FD32uTFCNRwXX2vSWyiD7vt0NW3cVBp93HNK5l7sxBf1mRQnc02xowwYt/cTtiOzqg==
  /lru-cache/6.0.0:
    dependencies:
      yallist: 4.0.0
    dev: false
    engines:
      node: '>=10'
    resolution:
      integrity: sha512-Jo6dJ04CmSjuznwJSS3pUeWmd/H0ffTlkXXgwZi+eq1UCmqQwCh+eLsYOYCwY991i2Fah4h1BEMCx4qThGbsiA==
  /make-fetch-happen/8.0.9:
    dependencies:
      agentkeepalive: 4.1.3
      cacache: 15.0.5
      http-cache-semantics: 4.1.0
      http-proxy-agent: 4.0.1
      https-proxy-agent: 5.0.0
      is-lambda: 1.0.1
      lru-cache: 6.0.0
      minipass: 3.1.3
      minipass-collect: 1.0.2
      minipass-fetch: 1.3.1
      minipass-flush: 1.0.5
      minipass-pipeline: 1.2.4
      promise-retry: 1.1.1
      socks-proxy-agent: 5.0.0
      ssri: 8.0.0
    dev: false
    engines:
      node: '>= 10'
    resolution:
      integrity: sha512-uHa4gv/NIdm9cUvfOhYb57nxrCY08iyMRXru0jbpaH57Q3NCge/ypY7fOvgCr8tPyucKrGbVndKhjXE0IX0VfQ==
  /minimatch/3.0.4:
    dependencies:
      brace-expansion: 1.1.11
    dev: false
    resolution:
      integrity: sha512-yJHVQEhyqPLUTgt9B83PXu6W3rx4MvvHvSUvToogpwoGDOUQ+yDrR0HRot+yOCdCO7u4hX3pWft6kWBBcqh0UA==
  /minimist/1.2.5:
    dev: false
    resolution:
      integrity: sha512-FM9nNUYrRBAELZQT3xeZQ7fmMOBg6nWNmJKTcgsJeaLstP/UODVpGsr5OhXhhXg6f+qtJ8uiZ+PUxkDWcgIXLw==
  /minipass-collect/1.0.2:
    dependencies:
      minipass: 3.1.3
    dev: false
    engines:
      node: '>= 8'
    resolution:
      integrity: sha512-6T6lH0H8OG9kITm/Jm6tdooIbogG9e0tLgpY6mphXSm/A9u8Nq1ryBG+Qspiub9LjWlBPsPS3tWQ/Botq4FdxA==
  /minipass-fetch/1.3.1:
    dependencies:
      minipass: 3.1.3
      minipass-sized: 1.0.3
      minizlib: 2.1.2
    dev: false
    engines:
      node: '>=8'
    optionalDependencies:
      encoding: 0.1.13
    resolution:
      integrity: sha512-N0ddPAD8OZnoAHUYj1ZH4ZJVna+ucy7if777LrdeIV1ko8f46af4jbyM5EC1gN4xc9Wq5c3C38GnxRJ2gneXRA==
  /minipass-flush/1.0.5:
    dependencies:
      minipass: 3.1.3
    dev: false
    engines:
      node: '>= 8'
    resolution:
      integrity: sha512-JmQSYYpPUqX5Jyn1mXaRwOda1uQ8HP5KAT/oDSLCzt1BYRhQU0/hDtsB1ufZfEEzMZ9aAVmsBw8+FWsIXlClWw==
  /minipass-json-stream/1.0.1:
    dependencies:
      jsonparse: 1.3.1
      minipass: 3.1.3
    dev: false
    resolution:
      integrity: sha512-ODqY18UZt/I8k+b7rl2AENgbWE8IDYam+undIJONvigAz8KR5GWblsFTEfQs0WODsjbSXWlm+JHEv8Gr6Tfdbg==
  /minipass-pipeline/1.2.4:
    dependencies:
      minipass: 3.1.3
    dev: false
    engines:
      node: '>=8'
    resolution:
      integrity: sha512-xuIq7cIOt09RPRJ19gdi4b+RiNvDFYe5JH+ggNvBqGqpQXcru3PcRmOZuHBKWK1Txf9+cQ+HMVN4d6z46LZP7A==
  /minipass-sized/1.0.3:
    dependencies:
      minipass: 3.1.3
    dev: false
    engines:
      node: '>=8'
    resolution:
      integrity: sha512-MbkQQ2CTiBMlA2Dm/5cY+9SWFEN8pzzOXi6rlM5Xxq0Yqbda5ZQy9sU75a673FE9ZK0Zsbr6Y5iP6u9nktfg2g==
  /minipass/3.1.3:
    dependencies:
      yallist: 4.0.0
    dev: false
    engines:
      node: '>=8'
    resolution:
      integrity: sha512-Mgd2GdMVzY+x3IJ+oHnVM+KG3lA5c8tnabyJKmHSaG2kAGpudxuOf8ToDkhumF7UzME7DecbQE9uOZhNm7PuJg==
  /minizlib/2.1.2:
    dependencies:
      minipass: 3.1.3
      yallist: 4.0.0
    dev: false
    engines:
      node: '>= 8'
    resolution:
      integrity: sha512-bAxsR8BVfj60DWXHE3u30oHzfl4G7khkSuPW+qvpd7jFRHm7dLxOjUk1EHACJ/hxLY8phGJ0YhYHZo7jil7Qdg==
  /mkdirp/1.0.4:
    dev: false
    engines:
      node: '>=10'
    hasBin: true
    resolution:
      integrity: sha512-vVqVZQyf3WLx2Shd0qJ9xuvqgAyKPLAiqITEtqW0oIUjzo3PePDd6fW9iFz30ef7Ysp/oiWqbhszeGWW2T6Gzw==
  /ms/2.1.2:
    dev: false
    resolution:
      integrity: sha512-sGkPx+VjMtmA6MX27oA4FBFELFCZZ4S4XqeGOXCv68tT+jb3vk/RyaKWP0PTKyWtmLSM0b+adUTEvbs1PEaH2w==
  /nan/2.14.1:
    dev: false
    resolution:
      integrity: sha512-isWHgVjnFjh2x2yuJ/tj3JbwoHu3UC2dX5G/88Cm24yB6YopVgxvBObDY7n5xW6ExmFhJpSEQqFPvq9zaXc8Jw==
  /node-pty/0.9.0:
    dependencies:
      nan: 2.14.1
    dev: false
    requiresBuild: true
    resolution:
      integrity: sha512-MBnCQl83FTYOu7B4xWw10AW77AAh7ThCE1VXEv+JeWj8mSpGo+0bwgsV+b23ljBFwEM9OmsOv3kM27iUPPm84g==
  /npm-package-arg/8.0.1:
    dependencies:
      hosted-git-info: 3.0.5
      semver: 7.3.2
      validate-npm-package-name: 3.0.0
    dev: false
    engines:
      node: '>=10'
    resolution:
      integrity: sha512-/h5Fm6a/exByzFSTm7jAyHbgOqErl9qSNJDQF32Si/ZzgwT2TERVxRxn3Jurw1wflgyVVAxnFR4fRHPM7y1ClQ==
  /npm-registry-fetch/8.1.4:
    dependencies:
      '@npmcli/ci-detect': 1.3.0
      lru-cache: 6.0.0
      make-fetch-happen: 8.0.9
      minipass: 3.1.3
      minipass-fetch: 1.3.1
      minipass-json-stream: 1.0.1
      minizlib: 2.1.2
      npm-package-arg: 8.0.1
    dev: false
    engines:
      node: '>=10'
    resolution:
      integrity: sha512-UaLGFQP7VCuyBsb7S5P5od3av/Zy9JW6K5gbMigjZCYnEpIkWWRiLQTKVpxM4QocfPcsjm+xtyrDNm4jdqwNEg==
  /once/1.4.0:
    dependencies:
      wrappy: 1.0.2
    dev: false
    resolution:
      integrity: sha1-WDsap3WWHUsROsF9nFC6753Xa9E=
  /p-map/4.0.0:
    dependencies:
      aggregate-error: 3.1.0
    dev: false
    engines:
      node: '>=10'
    resolution:
      integrity: sha512-/bjOqmgETBYB5BoEeGVea8dmvHb2m9GLy1E9W43yeyfP6QQCZGFNa+XRceJEuDB6zqr+gKpIAmlLebMpykw/MQ==
  /path-is-absolute/1.0.1:
    dev: false
    engines:
      node: '>=0.10.0'
    resolution:
      integrity: sha1-F0uSaHNVNP+8es5r9TpanhtcX18=
  /promise-inflight/1.0.1:
    dev: false
    resolution:
      integrity: sha1-mEcocL8igTL8vdhoEputEsPAKeM=
  /promise-retry/1.1.1:
    dependencies:
      err-code: 1.1.2
      retry: 0.10.1
    dev: false
    engines:
      node: '>=0.12'
    resolution:
      integrity: sha1-ZznpaOMFHaIM5kl/srUPaRHfPW0=
  /retry/0.10.1:
    dev: false
    resolution:
      integrity: sha1-52OI0heZLCUnUCQdPTlW/tmNj/Q=
  /rimraf/3.0.2:
    dependencies:
      glob: 7.1.6
    dev: false
    hasBin: true
    resolution:
      integrity: sha512-JZkJMZkAGFFPP2YqXZXPbMlMBgsxzE8ILs4lMIX/2o0L9UBw9O/Y3o6wFw/i9YLapcUJWwqbi3kdxIPdC62TIA==
  /safer-buffer/2.1.2:
    dev: false
    optional: true
    resolution:
      integrity: sha512-YZo3K82SD7Riyi0E1EQPojLz7kpepnSQI9IyPbHHg1XXXevb5dJI7tpyN2ADxGcQbHG7vcyRHk0cbwqcQriUtg==
  /semver/7.3.2:
    dev: false
    engines:
      node: '>=10'
    hasBin: true
    resolution:
      integrity: sha512-OrOb32TeeambH6UrhtShmF7CRDqhL6/5XpPNp2DuRH6+9QLw/orhp72j87v8Qa1ScDkvrrBNpZcDejAirJmfXQ==
  /smart-buffer/4.1.0:
    dev: false
    engines:
      node: '>= 6.0.0'
      npm: '>= 3.0.0'
    resolution:
      integrity: sha512-iVICrxOzCynf/SNaBQCw34eM9jROU/s5rzIhpOvzhzuYHfJR/DhZfDkXiZSgKXfgv26HT3Yni3AV/DGw0cGnnw==
  /socks-proxy-agent/5.0.0:
    dependencies:
      agent-base: 6.0.1
      debug: 4.2.0
      socks: 2.4.4
    dev: false
    engines:
      node: '>= 6'
    resolution:
      integrity: sha512-lEpa1zsWCChxiynk+lCycKuC502RxDWLKJZoIhnxrWNjLSDGYRFflHA1/228VkRcnv9TIb8w98derGbpKxJRgA==
  /socks/2.4.4:
    dependencies:
      ip: 1.1.5
      smart-buffer: 4.1.0
    dev: false
    engines:
      node: '>= 10.13.0'
      npm: '>= 3.0.0'
    resolution:
      integrity: sha512-7LmHN4IHj1Vpd/k8D872VGCHJ6yIVyeFkfIBExRmGPYQ/kdUkpdg9eKh9oOzYYYKQhuxavayJHTnmBG+EzluUA==
  /ssri/8.0.0:
    dependencies:
      minipass: 3.1.3
    dev: false
    engines:
      node: '>= 8'
    resolution:
      integrity: sha512-aq/pz989nxVYwn16Tsbj1TqFpD5LLrQxHf5zaHuieFV+R0Bbr4y8qUsOA45hXT/N4/9UNXTarBjnjVmjSOVaAA==
  /tar/6.0.5:
    dependencies:
      chownr: 2.0.0
      fs-minipass: 2.1.0
      minipass: 3.1.3
      minizlib: 2.1.2
      mkdirp: 1.0.4
      yallist: 4.0.0
    dev: false
    engines:
      node: '>= 10'
    resolution:
      integrity: sha512-0b4HOimQHj9nXNEAA7zWwMM91Zhhba3pspja6sQbgTpynOJf+bkjBnfybNYzbpLbnwXnbyB4LOREvlyXLkCHSg==
  /term.js/0.0.7:
    dev: false
    engines:
      node: '>= 0.8.0'
    resolution:
      integrity: sha1-Um8kz8Dy72+A9RfJ4n2ulHvIcxU=
  /unique-filename/1.1.1:
    dependencies:
      unique-slug: 2.0.2
    dev: false
    resolution:
      integrity: sha512-Vmp0jIp2ln35UTXuryvjzkjGdRyf9b2lTXuSYUiPmzRcl3FDtYqAwOnTJkAngD9SWhnoJzDbTKwaOrZ+STtxNQ==
  /unique-slug/2.0.2:
    dependencies:
      imurmurhash: 0.1.4
    dev: false
    resolution:
      integrity: sha512-zoWr9ObaxALD3DOPfjPSqxt4fnZiWblxHIgeWqW8x7UqDzEtHEQLzji2cuJYQFCU6KmoJikOYAZlrTHHebjx2w==
  /validate-npm-package-name/3.0.0:
    dependencies:
      builtins: 1.0.3
    dev: false
    resolution:
      integrity: sha1-X6kS2B630MdK/BQN5zF/DKffQ34=
  /wrappy/1.0.2:
    dev: false
    resolution:
      integrity: sha1-tSQ9jz7BqjXxNkYFvA0QNuMKtp8=
  /yallist/4.0.0:
    dev: false
    resolution:
      integrity: sha512-3wdGidZyq5PB084XLES5TpOSRA3wjXAlIWMhum2kRcv/41Sn2emQ0dycQW4uZXLejwKvg6EsvbdlVL+FYEct7A==
specifiers:
  '@terminal-junkies/neo-blessed': ^1.0.4
  blessed-themes: ^1.1.0
  libnpmsearch: ^3.0.0
  minimist: ^1.2.5
